<?xml version="1.0" encoding="UTF-8"?>
<!DOCTYPE plist PUBLIC "-//Apple//DTD PLIST 1.0//EN" "http://www.apple.com/DTDs/PropertyList-1.0.dtd">
<plist version="1.0">
<dict>
	<key>archiveVersion</key>
	<string>1</string>
	<key>classes</key>
	<dict/>
	<key>objectVersion</key>
	<string>46</string>
	<key>objects</key>
	<dict>
		<key>0310910E1923B06900EACF4D</key>
		<dict>
			<key>children</key>
			<array>
				<string>0371571D192D4DD70030BEA2</string>
				<string>0371571E192D4DD70030BEA2</string>
				<string>0310910F1923B08700EACF4D</string>
				<string>031091101923B08700EACF4D</string>
				<string>031091121923B09900EACF4D</string>
				<string>031091131923B09900EACF4D</string>
			</array>
			<key>isa</key>
			<string>PBXGroup</string>
			<key>name</key>
			<string>Intro</string>
			<key>sourceTree</key>
			<string>&lt;group&gt;</string>
		</dict>
		<key>0310910F1923B08700EACF4D</key>
		<dict>
			<key>fileEncoding</key>
			<string>4</string>
			<key>isa</key>
			<string>PBXFileReference</string>
			<key>lastKnownFileType</key>
			<string>sourcecode.c.h</string>
			<key>name</key>
			<string>LPOIntroViewController.h</string>
			<key>path</key>
			<string>Controller/LPOIntroViewController.h</string>
			<key>sourceTree</key>
			<string>&lt;group&gt;</string>
		</dict>
		<key>031091101923B08700EACF4D</key>
		<dict>
			<key>fileEncoding</key>
			<string>4</string>
			<key>isa</key>
			<string>PBXFileReference</string>
			<key>lastKnownFileType</key>
			<string>sourcecode.c.objc</string>
			<key>name</key>
			<string>LPOIntroViewController.m</string>
			<key>path</key>
			<string>Controller/LPOIntroViewController.m</string>
			<key>sourceTree</key>
			<string>&lt;group&gt;</string>
		</dict>
		<key>031091111923B08700EACF4D</key>
		<dict>
			<key>fileRef</key>
			<string>031091101923B08700EACF4D</string>
			<key>isa</key>
			<string>PBXBuildFile</string>
		</dict>
		<key>031091121923B09900EACF4D</key>
		<dict>
			<key>fileEncoding</key>
			<string>4</string>
			<key>isa</key>
			<string>PBXFileReference</string>
			<key>lastKnownFileType</key>
			<string>sourcecode.c.h</string>
			<key>name</key>
			<string>LPOPageContentViewController.h</string>
			<key>path</key>
			<string>Controller/LPOPageContentViewController.h</string>
			<key>sourceTree</key>
			<string>&lt;group&gt;</string>
		</dict>
		<key>031091131923B09900EACF4D</key>
		<dict>
			<key>fileEncoding</key>
			<string>4</string>
			<key>isa</key>
			<string>PBXFileReference</string>
			<key>lastKnownFileType</key>
			<string>sourcecode.c.objc</string>
			<key>name</key>
			<string>LPOPageContentViewController.m</string>
			<key>path</key>
			<string>Controller/LPOPageContentViewController.m</string>
			<key>sourceTree</key>
			<string>&lt;group&gt;</string>
		</dict>
		<key>031091141923B09900EACF4D</key>
		<dict>
			<key>fileRef</key>
			<string>031091131923B09900EACF4D</string>
			<key>isa</key>
			<string>PBXBuildFile</string>
		</dict>
		<key>03429F8C1924FC4000999B27</key>
		<dict>
			<key>fileEncoding</key>
			<string>4</string>
			<key>isa</key>
			<string>PBXFileReference</string>
			<key>lastKnownFileType</key>
			<string>text</string>
			<key>path</key>
			<string>EcoPoint.txt</string>
			<key>sourceTree</key>
			<string>&lt;group&gt;</string>
		</dict>
		<key>03429F8D1924FC4000999B27</key>
		<dict>
			<key>fileRef</key>
			<string>03429F8C1924FC4000999B27</string>
			<key>isa</key>
			<string>PBXBuildFile</string>
		</dict>
		<key>03429F8E192503F300999B27</key>
		<dict>
			<key>fileEncoding</key>
			<string>4</string>
			<key>isa</key>
			<string>PBXFileReference</string>
			<key>lastKnownFileType</key>
			<string>sourcecode.c.h</string>
			<key>name</key>
			<string>LPOCookingOilsTableViewController.h</string>
			<key>path</key>
			<string>Controller/LPOCookingOilsTableViewController.h</string>
			<key>sourceTree</key>
			<string>&lt;group&gt;</string>
		</dict>
		<key>03429F8F192503F300999B27</key>
		<dict>
			<key>fileEncoding</key>
			<string>4</string>
			<key>isa</key>
			<string>PBXFileReference</string>
			<key>lastKnownFileType</key>
			<string>sourcecode.c.objc</string>
			<key>name</key>
			<string>LPOCookingOilsTableViewController.m</string>
			<key>path</key>
			<string>Controller/LPOCookingOilsTableViewController.m</string>
			<key>sourceTree</key>
			<string>&lt;group&gt;</string>
		</dict>
		<key>03429F90192503F300999B27</key>
		<dict>
			<key>fileRef</key>
			<string>03429F8F192503F300999B27</string>
			<key>isa</key>
			<string>PBXBuildFile</string>
		</dict>
		<key>03429F91192B772500999B27</key>
		<dict>
			<key>children</key>
			<array>
				<string>03429F92192B774D00999B27</string>
				<string>03429F93192B774D00999B27</string>
				<string>037156F0192BE6310030BEA2</string>
				<string>037156F1192BE6310030BEA2</string>
				<string>03429F95192CC9DD00999B27</string>
				<string>03429F96192CC9DD00999B27</string>
				<string>037156F3192D2A0E0030BEA2</string>
				<string>037156F4192D2A0E0030BEA2</string>
				<string>037156F6192D2E280030BEA2</string>
				<string>037156F7192D2E280030BEA2</string>
				<string>037156F9192D32850030BEA2</string>
				<string>037156FA192D32850030BEA2</string>
			</array>
			<key>isa</key>
			<string>PBXGroup</string>
			<key>name</key>
			<string>Manager</string>
			<key>sourceTree</key>
			<string>&lt;group&gt;</string>
		</dict>
		<key>03429F92192B774D00999B27</key>
		<dict>
			<key>fileEncoding</key>
			<string>4</string>
			<key>isa</key>
			<string>PBXFileReference</string>
			<key>lastKnownFileType</key>
			<string>sourcecode.c.h</string>
			<key>name</key>
			<string>LPOLocationManager.h</string>
			<key>path</key>
			<string>Controller/LPOLocationManager.h</string>
			<key>sourceTree</key>
			<string>&lt;group&gt;</string>
		</dict>
		<key>03429F93192B774D00999B27</key>
		<dict>
			<key>fileEncoding</key>
			<string>4</string>
			<key>isa</key>
			<string>PBXFileReference</string>
			<key>lastKnownFileType</key>
			<string>sourcecode.c.objc</string>
			<key>name</key>
			<string>LPOLocationManager.m</string>
			<key>path</key>
			<string>Controller/LPOLocationManager.m</string>
			<key>sourceTree</key>
			<string>&lt;group&gt;</string>
		</dict>
		<key>03429F94192B774D00999B27</key>
		<dict>
			<key>fileRef</key>
			<string>03429F93192B774D00999B27</string>
			<key>isa</key>
			<string>PBXBuildFile</string>
		</dict>
		<key>03429F95192CC9DD00999B27</key>
		<dict>
			<key>fileEncoding</key>
			<string>4</string>
			<key>isa</key>
			<string>PBXFileReference</string>
			<key>lastKnownFileType</key>
			<string>sourcecode.c.h</string>
			<key>name</key>
			<string>LPOContainerManager.h</string>
			<key>path</key>
			<string>Controller/LPOContainerManager.h</string>
			<key>sourceTree</key>
			<string>&lt;group&gt;</string>
		</dict>
		<key>03429F96192CC9DD00999B27</key>
		<dict>
			<key>fileEncoding</key>
			<string>4</string>
			<key>isa</key>
			<string>PBXFileReference</string>
			<key>lastKnownFileType</key>
			<string>sourcecode.c.objc</string>
			<key>name</key>
			<string>LPOContainerManager.m</string>
			<key>path</key>
			<string>Controller/LPOContainerManager.m</string>
			<key>sourceTree</key>
			<string>&lt;group&gt;</string>
		</dict>
		<key>03429F97192CC9DD00999B27</key>
		<dict>
			<key>fileRef</key>
			<string>03429F96192CC9DD00999B27</string>
			<key>isa</key>
			<string>PBXBuildFile</string>
		</dict>
		<key>0371565A1922E9F50030BEA2</key>
		<dict>
			<key>children</key>
			<array>
				<string>0371566E1922E9F50030BEA2</string>
				<string>0371568B1922E9F50030BEA2</string>
				<string>037156651922E9F50030BEA2</string>
				<string>037156641922E9F50030BEA2</string>
				<string>27BD1F8BCB7F4DF2B1FD638B</string>
			</array>
			<key>isa</key>
			<string>PBXGroup</string>
			<key>sourceTree</key>
			<string>&lt;group&gt;</string>
		</dict>
		<key>0371565B1922E9F50030BEA2</key>
		<dict>
			<key>attributes</key>
			<dict>
				<key>CLASSPREFIX</key>
				<string>LPO</string>
				<key>LastUpgradeCheck</key>
				<string>0510</string>
				<key>ORGANIZATIONNAME</key>
				<string>Filipe Alvarenga</string>
				<key>TargetAttributes</key>
				<dict>
					<key>037156821922E9F50030BEA2</key>
					<dict>
						<key>TestTargetID</key>
						<string>037156621922E9F50030BEA2</string>
					</dict>
				</dict>
			</dict>
			<key>buildConfigurationList</key>
			<string>0371565E1922E9F50030BEA2</string>
			<key>compatibilityVersion</key>
			<string>Xcode 3.2</string>
			<key>developmentRegion</key>
			<string>English</string>
			<key>hasScannedForEncodings</key>
			<string>0</string>
			<key>isa</key>
			<string>PBXProject</string>
			<key>knownRegions</key>
			<array>
				<string>en</string>
			</array>
			<key>mainGroup</key>
			<string>0371565A1922E9F50030BEA2</string>
			<key>productRefGroup</key>
			<string>037156641922E9F50030BEA2</string>
			<key>projectDirPath</key>
			<string></string>
			<key>projectReferences</key>
			<array/>
			<key>projectRoot</key>
			<string></string>
			<key>targets</key>
			<array>
				<string>037156621922E9F50030BEA2</string>
				<string>037156821922E9F50030BEA2</string>
			</array>
		</dict>
		<key>0371565E1922E9F50030BEA2</key>
		<dict>
			<key>buildConfigurations</key>
			<array>
				<string>037156931922E9F50030BEA2</string>
				<string>037156941922E9F50030BEA2</string>
			</array>
			<key>defaultConfigurationIsVisible</key>
			<string>0</string>
			<key>defaultConfigurationName</key>
			<string>Release</string>
			<key>isa</key>
			<string>XCConfigurationList</string>
		</dict>
		<key>0371565F1922E9F50030BEA2</key>
		<dict>
			<key>buildActionMask</key>
			<string>2147483647</string>
			<key>files</key>
			<array>
				<string>037156F8192D2E280030BEA2</string>
				<string>037156D1192440FE0030BEA2</string>
				<string>031091111923B08700EACF4D</string>
				<string>037156791922E9F50030BEA2</string>
				<string>0371567C1922E9F50030BEA2</string>
				<string>037156D41925429C0030BEA2</string>
				<string>0371572E192D4DE10030BEA2</string>
				<string>0371572B192D4DE10030BEA2</string>
				<string>037156751922E9F50030BEA2</string>
				<string>03429F97192CC9DD00999B27</string>
				<string>03429F90192503F300999B27</string>
				<string>03429F94192B774D00999B27</string>
				<string>0371572D192D4DE10030BEA2</string>
				<string>037156AF1922F7E10030BEA2</string>
				<string>0371572A192D4DE10030BEA2</string>
				<string>037156FB192D32850030BEA2</string>
				<string>037156AC1922F2420030BEA2</string>
				<string>0371572C192D4DE10030BEA2</string>
				<string>037156FE192D3AAF0030BEA2</string>
				<string>037156F2192BE6310030BEA2</string>
				<string>0371571F192D4DD70030BEA2</string>
				<string>037156F5192D2A0E0030BEA2</string>
				<string>037156B31922FB120030BEA2</string>
				<string>031091141923B09900EACF4D</string>
			</array>
			<key>isa</key>
			<string>PBXSourcesBuildPhase</string>
			<key>runOnlyForDeploymentPostprocessing</key>
			<string>0</string>
		</dict>
		<key>037156601922E9F50030BEA2</key>
		<dict>
			<key>buildActionMask</key>
			<string>2147483647</string>
			<key>files</key>
			<array>
				<string>037156A11922F04F0030BEA2</string>
				<string>037156691922E9F50030BEA2</string>
				<string>0371566D1922E9F50030BEA2</string>
				<string>0371566B1922E9F50030BEA2</string>
				<string>037156671922E9F50030BEA2</string>
				<string>D1AF71C04412485B8D8FD93F</string>
			</array>
			<key>isa</key>
			<string>PBXFrameworksBuildPhase</string>
			<key>runOnlyForDeploymentPostprocessing</key>
			<string>0</string>
		</dict>
		<key>037156611922E9F50030BEA2</key>
		<dict>
			<key>buildActionMask</key>
			<string>2147483647</string>
			<key>files</key>
			<array>
				<string>037156731922E9F50030BEA2</string>
				<string>0371569F1922EB630030BEA2</string>
				<string>037156A71922F1290030BEA2</string>
				<string>03429F8D1924FC4000999B27</string>
				<string>037156A91922F1290030BEA2</string>
				<string>037156A61922F1290030BEA2</string>
				<string>0371567E1922E9F50030BEA2</string>
			</array>
			<key>isa</key>
			<string>PBXResourcesBuildPhase</string>
			<key>runOnlyForDeploymentPostprocessing</key>
			<string>0</string>
		</dict>
		<key>037156621922E9F50030BEA2</key>
		<dict>
			<key>buildConfigurationList</key>
			<string>037156951922E9F50030BEA2</string>
			<key>buildPhases</key>
			<array>
				<string>38FE426DD5B5489487159547</string>
				<string>0371565F1922E9F50030BEA2</string>
				<string>037156601922E9F50030BEA2</string>
				<string>037156611922E9F50030BEA2</string>
				<string>30069D5B80FB4BC0B8A2B4B2</string>
			</array>
			<key>buildRules</key>
			<array/>
			<key>dependencies</key>
			<array/>
			<key>isa</key>
			<string>PBXNativeTarget</string>
			<key>name</key>
			<string>LimPOA</string>
			<key>productName</key>
			<string>LimPOA</string>
			<key>productReference</key>
			<string>037156631922E9F50030BEA2</string>
			<key>productType</key>
			<string>com.apple.product-type.application</string>
		</dict>
		<key>037156631922E9F50030BEA2</key>
		<dict>
			<key>explicitFileType</key>
			<string>wrapper.application</string>
			<key>includeInIndex</key>
			<string>0</string>
			<key>isa</key>
			<string>PBXFileReference</string>
			<key>path</key>
			<string>LimPOA.app</string>
			<key>sourceTree</key>
			<string>BUILT_PRODUCTS_DIR</string>
		</dict>
		<key>037156641922E9F50030BEA2</key>
		<dict>
			<key>children</key>
			<array>
				<string>037156631922E9F50030BEA2</string>
				<string>037156831922E9F50030BEA2</string>
			</array>
			<key>isa</key>
			<string>PBXGroup</string>
			<key>name</key>
			<string>Products</string>
			<key>sourceTree</key>
			<string>&lt;group&gt;</string>
		</dict>
		<key>037156651922E9F50030BEA2</key>
		<dict>
			<key>children</key>
			<array>
				<string>037156A01922F04F0030BEA2</string>
				<string>037156661922E9F50030BEA2</string>
				<string>037156681922E9F50030BEA2</string>
				<string>0371566A1922E9F50030BEA2</string>
				<string>0371566C1922E9F50030BEA2</string>
				<string>037156841922E9F50030BEA2</string>
				<string>1A96F51C8B94440DA203FB00</string>
			</array>
			<key>isa</key>
			<string>PBXGroup</string>
			<key>name</key>
			<string>Frameworks</string>
			<key>sourceTree</key>
			<string>&lt;group&gt;</string>
		</dict>
		<key>037156661922E9F50030BEA2</key>
		<dict>
			<key>isa</key>
			<string>PBXFileReference</string>
			<key>lastKnownFileType</key>
			<string>wrapper.framework</string>
			<key>name</key>
			<string>Foundation.framework</string>
			<key>path</key>
			<string>System/Library/Frameworks/Foundation.framework</string>
			<key>sourceTree</key>
			<string>SDKROOT</string>
		</dict>
		<key>037156671922E9F50030BEA2</key>
		<dict>
			<key>fileRef</key>
			<string>037156661922E9F50030BEA2</string>
			<key>isa</key>
			<string>PBXBuildFile</string>
		</dict>
		<key>037156681922E9F50030BEA2</key>
		<dict>
			<key>isa</key>
			<string>PBXFileReference</string>
			<key>lastKnownFileType</key>
			<string>wrapper.framework</string>
			<key>name</key>
			<string>CoreGraphics.framework</string>
			<key>path</key>
			<string>System/Library/Frameworks/CoreGraphics.framework</string>
			<key>sourceTree</key>
			<string>SDKROOT</string>
		</dict>
		<key>037156691922E9F50030BEA2</key>
		<dict>
			<key>fileRef</key>
			<string>037156681922E9F50030BEA2</string>
			<key>isa</key>
			<string>PBXBuildFile</string>
		</dict>
		<key>0371566A1922E9F50030BEA2</key>
		<dict>
			<key>isa</key>
			<string>PBXFileReference</string>
			<key>lastKnownFileType</key>
			<string>wrapper.framework</string>
			<key>name</key>
			<string>UIKit.framework</string>
			<key>path</key>
			<string>System/Library/Frameworks/UIKit.framework</string>
			<key>sourceTree</key>
			<string>SDKROOT</string>
		</dict>
		<key>0371566B1922E9F50030BEA2</key>
		<dict>
			<key>fileRef</key>
			<string>0371566A1922E9F50030BEA2</string>
			<key>isa</key>
			<string>PBXBuildFile</string>
		</dict>
		<key>0371566C1922E9F50030BEA2</key>
		<dict>
			<key>isa</key>
			<string>PBXFileReference</string>
			<key>lastKnownFileType</key>
			<string>wrapper.framework</string>
			<key>name</key>
			<string>CoreData.framework</string>
			<key>path</key>
			<string>System/Library/Frameworks/CoreData.framework</string>
			<key>sourceTree</key>
			<string>SDKROOT</string>
		</dict>
		<key>0371566D1922E9F50030BEA2</key>
		<dict>
			<key>fileRef</key>
			<string>0371566C1922E9F50030BEA2</string>
			<key>isa</key>
			<string>PBXBuildFile</string>
		</dict>
		<key>0371566E1922E9F50030BEA2</key>
		<dict>
			<key>children</key>
			<array>
				<string>03715734192EC24E0030BEA2</string>
				<string>0371569D1922EB280030BEA2</string>
				<string>0371569C1922EB200030BEA2</string>
				<string>037156B11922FB120030BEA2</string>
				<string>037156B21922FB120030BEA2</string>
				<string>0371569B1922EB0C0030BEA2</string>
				<string>037156B01922F7E70030BEA2</string>
				<string>037156771922E9F50030BEA2</string>
				<string>037156781922E9F50030BEA2</string>
				<string>0371567D1922E9F50030BEA2</string>
				<string>0371567A1922E9F50030BEA2</string>
				<string>0371566F1922E9F50030BEA2</string>
			</array>
			<key>isa</key>
			<string>PBXGroup</string>
			<key>path</key>
			<string>LimPOA</string>
			<key>sourceTree</key>
			<string>&lt;group&gt;</string>
		</dict>
		<key>0371566F1922E9F50030BEA2</key>
		<dict>
			<key>children</key>
			<array>
				<string>03429F8C1924FC4000999B27</string>
				<string>037156A21922F1290030BEA2</string>
				<string>037156A31922F1290030BEA2</string>
				<string>037156A51922F1290030BEA2</string>
				<string>037156701922E9F50030BEA2</string>
				<string>037156711922E9F50030BEA2</string>
				<string>037156741922E9F50030BEA2</string>
				<string>037156761922E9F50030BEA2</string>
			</array>
			<key>isa</key>
			<string>PBXGroup</string>
			<key>name</key>
			<string>Supporting Files</string>
			<key>sourceTree</key>
			<string>&lt;group&gt;</string>
		</dict>
		<key>037156701922E9F50030BEA2</key>
		<dict>
			<key>isa</key>
			<string>PBXFileReference</string>
			<key>lastKnownFileType</key>
			<string>text.plist.xml</string>
			<key>path</key>
			<string>LimPOA-Info.plist</string>
			<key>sourceTree</key>
			<string>&lt;group&gt;</string>
		</dict>
		<key>037156711922E9F50030BEA2</key>
		<dict>
			<key>children</key>
			<array>
				<string>037156721922E9F50030BEA2</string>
			</array>
			<key>isa</key>
			<string>PBXVariantGroup</string>
			<key>name</key>
			<string>InfoPlist.strings</string>
			<key>sourceTree</key>
			<string>&lt;group&gt;</string>
		</dict>
		<key>037156721922E9F50030BEA2</key>
		<dict>
			<key>isa</key>
			<string>PBXFileReference</string>
			<key>lastKnownFileType</key>
			<string>text.plist.strings</string>
			<key>name</key>
			<string>en</string>
			<key>path</key>
			<string>en.lproj/InfoPlist.strings</string>
			<key>sourceTree</key>
			<string>&lt;group&gt;</string>
		</dict>
		<key>037156731922E9F50030BEA2</key>
		<dict>
			<key>fileRef</key>
			<string>037156711922E9F50030BEA2</string>
			<key>isa</key>
			<string>PBXBuildFile</string>
		</dict>
		<key>037156741922E9F50030BEA2</key>
		<dict>
			<key>isa</key>
			<string>PBXFileReference</string>
			<key>lastKnownFileType</key>
			<string>sourcecode.c.objc</string>
			<key>path</key>
			<string>main.m</string>
			<key>sourceTree</key>
			<string>&lt;group&gt;</string>
		</dict>
		<key>037156751922E9F50030BEA2</key>
		<dict>
			<key>fileRef</key>
			<string>037156741922E9F50030BEA2</string>
			<key>isa</key>
			<string>PBXBuildFile</string>
		</dict>
		<key>037156761922E9F50030BEA2</key>
		<dict>
			<key>isa</key>
			<string>PBXFileReference</string>
			<key>lastKnownFileType</key>
			<string>sourcecode.c.h</string>
			<key>path</key>
			<string>LimPOA-Prefix.pch</string>
			<key>sourceTree</key>
			<string>&lt;group&gt;</string>
		</dict>
		<key>037156771922E9F50030BEA2</key>
		<dict>
			<key>isa</key>
			<string>PBXFileReference</string>
			<key>lastKnownFileType</key>
			<string>sourcecode.c.h</string>
			<key>path</key>
			<string>LPOAppDelegate.h</string>
			<key>sourceTree</key>
			<string>&lt;group&gt;</string>
		</dict>
		<key>037156781922E9F50030BEA2</key>
		<dict>
			<key>isa</key>
			<string>PBXFileReference</string>
			<key>lastKnownFileType</key>
			<string>sourcecode.c.objc</string>
			<key>path</key>
			<string>LPOAppDelegate.m</string>
			<key>sourceTree</key>
			<string>&lt;group&gt;</string>
		</dict>
		<key>037156791922E9F50030BEA2</key>
		<dict>
			<key>fileRef</key>
			<string>037156781922E9F50030BEA2</string>
			<key>isa</key>
			<string>PBXBuildFile</string>
		</dict>
		<key>0371567A1922E9F50030BEA2</key>
		<dict>
			<key>children</key>
			<array>
				<string>0371567B1922E9F50030BEA2</string>
			</array>
			<key>currentVersion</key>
			<string>0371567B1922E9F50030BEA2</string>
			<key>isa</key>
			<string>XCVersionGroup</string>
			<key>path</key>
			<string>LimPOA.xcdatamodeld</string>
			<key>sourceTree</key>
			<string>&lt;group&gt;</string>
			<key>versionGroupType</key>
			<string>wrapper.xcdatamodel</string>
		</dict>
		<key>0371567B1922E9F50030BEA2</key>
		<dict>
			<key>isa</key>
			<string>PBXFileReference</string>
			<key>lastKnownFileType</key>
			<string>wrapper.xcdatamodel</string>
			<key>path</key>
			<string>LimPOA.xcdatamodel</string>
			<key>sourceTree</key>
			<string>&lt;group&gt;</string>
		</dict>
		<key>0371567C1922E9F50030BEA2</key>
		<dict>
			<key>fileRef</key>
			<string>0371567A1922E9F50030BEA2</string>
			<key>isa</key>
			<string>PBXBuildFile</string>
		</dict>
		<key>0371567D1922E9F50030BEA2</key>
		<dict>
			<key>isa</key>
			<string>PBXFileReference</string>
			<key>lastKnownFileType</key>
			<string>folder.assetcatalog</string>
			<key>path</key>
			<string>Images.xcassets</string>
			<key>sourceTree</key>
			<string>&lt;group&gt;</string>
		</dict>
		<key>0371567E1922E9F50030BEA2</key>
		<dict>
			<key>fileRef</key>
			<string>0371567D1922E9F50030BEA2</string>
			<key>isa</key>
			<string>PBXBuildFile</string>
		</dict>
		<key>0371567F1922E9F50030BEA2</key>
		<dict>
			<key>buildActionMask</key>
			<string>2147483647</string>
			<key>files</key>
			<array>
				<string>037156921922E9F50030BEA2</string>
			</array>
			<key>isa</key>
			<string>PBXSourcesBuildPhase</string>
			<key>runOnlyForDeploymentPostprocessing</key>
			<string>0</string>
		</dict>
		<key>037156801922E9F50030BEA2</key>
		<dict>
			<key>buildActionMask</key>
			<string>2147483647</string>
			<key>files</key>
			<array>
				<string>037156851922E9F50030BEA2</string>
				<string>037156881922E9F50030BEA2</string>
				<string>037156871922E9F50030BEA2</string>
				<string>037156861922E9F50030BEA2</string>
			</array>
			<key>isa</key>
			<string>PBXFrameworksBuildPhase</string>
			<key>runOnlyForDeploymentPostprocessing</key>
			<string>0</string>
		</dict>
		<key>037156811922E9F50030BEA2</key>
		<dict>
			<key>buildActionMask</key>
			<string>2147483647</string>
			<key>files</key>
			<array>
				<string>037156901922E9F50030BEA2</string>
			</array>
			<key>isa</key>
			<string>PBXResourcesBuildPhase</string>
			<key>runOnlyForDeploymentPostprocessing</key>
			<string>0</string>
		</dict>
		<key>037156821922E9F50030BEA2</key>
		<dict>
			<key>buildConfigurationList</key>
			<string>037156981922E9F50030BEA2</string>
			<key>buildPhases</key>
			<array>
				<string>0371567F1922E9F50030BEA2</string>
				<string>037156801922E9F50030BEA2</string>
				<string>037156811922E9F50030BEA2</string>
			</array>
			<key>buildRules</key>
			<array/>
			<key>dependencies</key>
			<array>
				<string>0371568A1922E9F50030BEA2</string>
			</array>
			<key>isa</key>
			<string>PBXNativeTarget</string>
			<key>name</key>
			<string>LimPOATests</string>
			<key>productName</key>
			<string>LimPOATests</string>
			<key>productReference</key>
			<string>037156831922E9F50030BEA2</string>
			<key>productType</key>
			<string>com.apple.product-type.bundle.unit-test</string>
		</dict>
		<key>037156831922E9F50030BEA2</key>
		<dict>
			<key>explicitFileType</key>
			<string>wrapper.cfbundle</string>
			<key>includeInIndex</key>
			<string>0</string>
			<key>isa</key>
			<string>PBXFileReference</string>
			<key>path</key>
			<string>LimPOATests.xctest</string>
			<key>sourceTree</key>
			<string>BUILT_PRODUCTS_DIR</string>
		</dict>
		<key>037156841922E9F50030BEA2</key>
		<dict>
			<key>isa</key>
			<string>PBXFileReference</string>
			<key>lastKnownFileType</key>
			<string>wrapper.framework</string>
			<key>name</key>
			<string>XCTest.framework</string>
			<key>path</key>
			<string>Library/Frameworks/XCTest.framework</string>
			<key>sourceTree</key>
			<string>DEVELOPER_DIR</string>
		</dict>
		<key>037156851922E9F50030BEA2</key>
		<dict>
			<key>fileRef</key>
			<string>037156841922E9F50030BEA2</string>
			<key>isa</key>
			<string>PBXBuildFile</string>
		</dict>
		<key>037156861922E9F50030BEA2</key>
		<dict>
			<key>fileRef</key>
			<string>037156661922E9F50030BEA2</string>
			<key>isa</key>
			<string>PBXBuildFile</string>
		</dict>
		<key>037156871922E9F50030BEA2</key>
		<dict>
			<key>fileRef</key>
			<string>0371566A1922E9F50030BEA2</string>
			<key>isa</key>
			<string>PBXBuildFile</string>
		</dict>
		<key>037156881922E9F50030BEA2</key>
		<dict>
			<key>fileRef</key>
			<string>0371566C1922E9F50030BEA2</string>
			<key>isa</key>
			<string>PBXBuildFile</string>
		</dict>
		<key>037156891922E9F50030BEA2</key>
		<dict>
			<key>containerPortal</key>
			<string>0371565B1922E9F50030BEA2</string>
			<key>isa</key>
			<string>PBXContainerItemProxy</string>
			<key>proxyType</key>
			<string>1</string>
			<key>remoteGlobalIDString</key>
			<string>037156621922E9F50030BEA2</string>
			<key>remoteInfo</key>
			<string>LimPOA</string>
		</dict>
		<key>0371568A1922E9F50030BEA2</key>
		<dict>
			<key>isa</key>
			<string>PBXTargetDependency</string>
			<key>target</key>
			<string>037156621922E9F50030BEA2</string>
			<key>targetProxy</key>
			<string>037156891922E9F50030BEA2</string>
		</dict>
		<key>0371568B1922E9F50030BEA2</key>
		<dict>
			<key>children</key>
			<array>
				<string>037156911922E9F50030BEA2</string>
				<string>0371568C1922E9F50030BEA2</string>
			</array>
			<key>isa</key>
			<string>PBXGroup</string>
			<key>path</key>
			<string>LimPOATests</string>
			<key>sourceTree</key>
			<string>&lt;group&gt;</string>
		</dict>
		<key>0371568C1922E9F50030BEA2</key>
		<dict>
			<key>children</key>
			<array>
				<string>0371568D1922E9F50030BEA2</string>
				<string>0371568E1922E9F50030BEA2</string>
			</array>
			<key>isa</key>
			<string>PBXGroup</string>
			<key>name</key>
			<string>Supporting Files</string>
			<key>sourceTree</key>
			<string>&lt;group&gt;</string>
		</dict>
		<key>0371568D1922E9F50030BEA2</key>
		<dict>
			<key>isa</key>
			<string>PBXFileReference</string>
			<key>lastKnownFileType</key>
			<string>text.plist.xml</string>
			<key>path</key>
			<string>LimPOATests-Info.plist</string>
			<key>sourceTree</key>
			<string>&lt;group&gt;</string>
		</dict>
		<key>0371568E1922E9F50030BEA2</key>
		<dict>
			<key>children</key>
			<array>
				<string>0371568F1922E9F50030BEA2</string>
			</array>
			<key>isa</key>
			<string>PBXVariantGroup</string>
			<key>name</key>
			<string>InfoPlist.strings</string>
			<key>sourceTree</key>
			<string>&lt;group&gt;</string>
		</dict>
		<key>0371568F1922E9F50030BEA2</key>
		<dict>
			<key>isa</key>
			<string>PBXFileReference</string>
			<key>lastKnownFileType</key>
			<string>text.plist.strings</string>
			<key>name</key>
			<string>en</string>
			<key>path</key>
			<string>en.lproj/InfoPlist.strings</string>
			<key>sourceTree</key>
			<string>&lt;group&gt;</string>
		</dict>
		<key>037156901922E9F50030BEA2</key>
		<dict>
			<key>fileRef</key>
			<string>0371568E1922E9F50030BEA2</string>
			<key>isa</key>
			<string>PBXBuildFile</string>
		</dict>
		<key>037156911922E9F50030BEA2</key>
		<dict>
			<key>isa</key>
			<string>PBXFileReference</string>
			<key>lastKnownFileType</key>
			<string>sourcecode.c.objc</string>
			<key>path</key>
			<string>LimPOATests.m</string>
			<key>sourceTree</key>
			<string>&lt;group&gt;</string>
		</dict>
		<key>037156921922E9F50030BEA2</key>
		<dict>
			<key>fileRef</key>
			<string>037156911922E9F50030BEA2</string>
			<key>isa</key>
			<string>PBXBuildFile</string>
		</dict>
		<key>037156931922E9F50030BEA2</key>
		<dict>
			<key>buildSettings</key>
			<dict>
				<key>ALWAYS_SEARCH_USER_PATHS</key>
				<string>NO</string>
				<key>CLANG_CXX_LANGUAGE_STANDARD</key>
				<string>gnu++0x</string>
				<key>CLANG_CXX_LIBRARY</key>
				<string>libc++</string>
				<key>CLANG_ENABLE_MODULES</key>
				<string>YES</string>
				<key>CLANG_ENABLE_OBJC_ARC</key>
				<string>YES</string>
				<key>CLANG_WARN_BOOL_CONVERSION</key>
				<string>YES</string>
				<key>CLANG_WARN_CONSTANT_CONVERSION</key>
				<string>YES</string>
				<key>CLANG_WARN_DIRECT_OBJC_ISA_USAGE</key>
				<string>YES_ERROR</string>
				<key>CLANG_WARN_EMPTY_BODY</key>
				<string>YES</string>
				<key>CLANG_WARN_ENUM_CONVERSION</key>
				<string>YES</string>
				<key>CLANG_WARN_INT_CONVERSION</key>
				<string>YES</string>
				<key>CLANG_WARN_OBJC_ROOT_CLASS</key>
				<string>YES_ERROR</string>
				<key>CLANG_WARN__DUPLICATE_METHOD_MATCH</key>
				<string>YES</string>
				<key>CODE_SIGN_IDENTITY[sdk=iphoneos*]</key>
				<string>iPhone Developer</string>
				<key>COPY_PHASE_STRIP</key>
				<string>NO</string>
				<key>GCC_C_LANGUAGE_STANDARD</key>
				<string>gnu99</string>
				<key>GCC_DYNAMIC_NO_PIC</key>
				<string>NO</string>
				<key>GCC_OPTIMIZATION_LEVEL</key>
				<string>0</string>
				<key>GCC_PREPROCESSOR_DEFINITIONS</key>
				<array>
					<string>DEBUG=1</string>
					<string>$(inherited)</string>
				</array>
				<key>GCC_SYMBOLS_PRIVATE_EXTERN</key>
				<string>NO</string>
				<key>GCC_WARN_64_TO_32_BIT_CONVERSION</key>
				<string>YES</string>
				<key>GCC_WARN_ABOUT_RETURN_TYPE</key>
				<string>YES_ERROR</string>
				<key>GCC_WARN_UNDECLARED_SELECTOR</key>
				<string>YES</string>
				<key>GCC_WARN_UNINITIALIZED_AUTOS</key>
				<string>YES_AGGRESSIVE</string>
				<key>GCC_WARN_UNUSED_FUNCTION</key>
				<string>YES</string>
				<key>GCC_WARN_UNUSED_VARIABLE</key>
				<string>YES</string>
				<key>IPHONEOS_DEPLOYMENT_TARGET</key>
				<string>7.1</string>
				<key>ONLY_ACTIVE_ARCH</key>
				<string>YES</string>
				<key>SDKROOT</key>
				<string>iphoneos</string>
			</dict>
			<key>isa</key>
			<string>XCBuildConfiguration</string>
			<key>name</key>
			<string>Debug</string>
		</dict>
		<key>037156941922E9F50030BEA2</key>
		<dict>
			<key>buildSettings</key>
			<dict>
				<key>ALWAYS_SEARCH_USER_PATHS</key>
				<string>NO</string>
				<key>CLANG_CXX_LANGUAGE_STANDARD</key>
				<string>gnu++0x</string>
				<key>CLANG_CXX_LIBRARY</key>
				<string>libc++</string>
				<key>CLANG_ENABLE_MODULES</key>
				<string>YES</string>
				<key>CLANG_ENABLE_OBJC_ARC</key>
				<string>YES</string>
				<key>CLANG_WARN_BOOL_CONVERSION</key>
				<string>YES</string>
				<key>CLANG_WARN_CONSTANT_CONVERSION</key>
				<string>YES</string>
				<key>CLANG_WARN_DIRECT_OBJC_ISA_USAGE</key>
				<string>YES_ERROR</string>
				<key>CLANG_WARN_EMPTY_BODY</key>
				<string>YES</string>
				<key>CLANG_WARN_ENUM_CONVERSION</key>
				<string>YES</string>
				<key>CLANG_WARN_INT_CONVERSION</key>
				<string>YES</string>
				<key>CLANG_WARN_OBJC_ROOT_CLASS</key>
				<string>YES_ERROR</string>
				<key>CLANG_WARN__DUPLICATE_METHOD_MATCH</key>
				<string>YES</string>
				<key>CODE_SIGN_IDENTITY[sdk=iphoneos*]</key>
				<string>iPhone Developer</string>
				<key>COPY_PHASE_STRIP</key>
				<string>YES</string>
				<key>ENABLE_NS_ASSERTIONS</key>
				<string>NO</string>
				<key>GCC_C_LANGUAGE_STANDARD</key>
				<string>gnu99</string>
				<key>GCC_WARN_64_TO_32_BIT_CONVERSION</key>
				<string>YES</string>
				<key>GCC_WARN_ABOUT_RETURN_TYPE</key>
				<string>YES_ERROR</string>
				<key>GCC_WARN_UNDECLARED_SELECTOR</key>
				<string>YES</string>
				<key>GCC_WARN_UNINITIALIZED_AUTOS</key>
				<string>YES_AGGRESSIVE</string>
				<key>GCC_WARN_UNUSED_FUNCTION</key>
				<string>YES</string>
				<key>GCC_WARN_UNUSED_VARIABLE</key>
				<string>YES</string>
				<key>IPHONEOS_DEPLOYMENT_TARGET</key>
				<string>7.1</string>
				<key>SDKROOT</key>
				<string>iphoneos</string>
				<key>VALIDATE_PRODUCT</key>
				<string>YES</string>
			</dict>
			<key>isa</key>
			<string>XCBuildConfiguration</string>
			<key>name</key>
			<string>Release</string>
		</dict>
		<key>037156951922E9F50030BEA2</key>
		<dict>
			<key>buildConfigurations</key>
			<array>
				<string>037156961922E9F50030BEA2</string>
				<string>037156971922E9F50030BEA2</string>
			</array>
			<key>defaultConfigurationIsVisible</key>
			<string>0</string>
			<key>defaultConfigurationName</key>
			<string>Release</string>
			<key>isa</key>
			<string>XCConfigurationList</string>
		</dict>
		<key>037156961922E9F50030BEA2</key>
		<dict>
			<key>baseConfigurationReference</key>
			<string>27BD1F8BCB7F4DF2B1FD638B</string>
			<key>buildSettings</key>
			<dict>
				<key>ASSETCATALOG_COMPILER_APPICON_NAME</key>
				<string>AppIcon</string>
				<key>ASSETCATALOG_COMPILER_LAUNCHIMAGE_NAME</key>
				<string>LaunchImage</string>
				<key>GCC_PRECOMPILE_PREFIX_HEADER</key>
				<string>YES</string>
				<key>GCC_PREFIX_HEADER</key>
				<string>LimPOA/LimPOA-Prefix.pch</string>
				<key>INFOPLIST_FILE</key>
				<string>LimPOA/LimPOA-Info.plist</string>
				<key>IPHONEOS_DEPLOYMENT_TARGET</key>
				<string>7.0</string>
				<key>PRODUCT_NAME</key>
				<string>$(TARGET_NAME)</string>
				<key>WRAPPER_EXTENSION</key>
				<string>app</string>
			</dict>
			<key>isa</key>
			<string>XCBuildConfiguration</string>
			<key>name</key>
			<string>Debug</string>
		</dict>
		<key>037156971922E9F50030BEA2</key>
		<dict>
			<key>baseConfigurationReference</key>
			<string>27BD1F8BCB7F4DF2B1FD638B</string>
			<key>buildSettings</key>
			<dict>
				<key>ASSETCATALOG_COMPILER_APPICON_NAME</key>
				<string>AppIcon</string>
				<key>ASSETCATALOG_COMPILER_LAUNCHIMAGE_NAME</key>
				<string>LaunchImage</string>
				<key>GCC_PRECOMPILE_PREFIX_HEADER</key>
				<string>YES</string>
				<key>GCC_PREFIX_HEADER</key>
				<string>LimPOA/LimPOA-Prefix.pch</string>
				<key>INFOPLIST_FILE</key>
				<string>LimPOA/LimPOA-Info.plist</string>
				<key>IPHONEOS_DEPLOYMENT_TARGET</key>
				<string>7.0</string>
				<key>PRODUCT_NAME</key>
				<string>$(TARGET_NAME)</string>
				<key>WRAPPER_EXTENSION</key>
				<string>app</string>
			</dict>
			<key>isa</key>
			<string>XCBuildConfiguration</string>
			<key>name</key>
			<string>Release</string>
		</dict>
		<key>037156981922E9F50030BEA2</key>
		<dict>
			<key>buildConfigurations</key>
			<array>
				<string>037156991922E9F50030BEA2</string>
				<string>0371569A1922E9F50030BEA2</string>
			</array>
			<key>defaultConfigurationIsVisible</key>
			<string>0</string>
			<key>defaultConfigurationName</key>
			<string>Release</string>
			<key>isa</key>
			<string>XCConfigurationList</string>
		</dict>
		<key>037156991922E9F50030BEA2</key>
		<dict>
			<key>buildSettings</key>
			<dict>
				<key>BUNDLE_LOADER</key>
				<string>$(BUILT_PRODUCTS_DIR)/LimPOA.app/LimPOA</string>
				<key>FRAMEWORK_SEARCH_PATHS</key>
				<array>
					<string>$(SDKROOT)/Developer/Library/Frameworks</string>
					<string>$(inherited)</string>
					<string>$(DEVELOPER_FRAMEWORKS_DIR)</string>
				</array>
				<key>GCC_PRECOMPILE_PREFIX_HEADER</key>
				<string>YES</string>
				<key>GCC_PREFIX_HEADER</key>
				<string>LimPOA/LimPOA-Prefix.pch</string>
				<key>GCC_PREPROCESSOR_DEFINITIONS</key>
				<array>
					<string>DEBUG=1</string>
					<string>$(inherited)</string>
				</array>
				<key>INFOPLIST_FILE</key>
				<string>LimPOATests/LimPOATests-Info.plist</string>
				<key>PRODUCT_NAME</key>
				<string>$(TARGET_NAME)</string>
				<key>TEST_HOST</key>
				<string>$(BUNDLE_LOADER)</string>
				<key>WRAPPER_EXTENSION</key>
				<string>xctest</string>
			</dict>
			<key>isa</key>
			<string>XCBuildConfiguration</string>
			<key>name</key>
			<string>Debug</string>
		</dict>
		<key>0371569A1922E9F50030BEA2</key>
		<dict>
			<key>buildSettings</key>
			<dict>
				<key>BUNDLE_LOADER</key>
				<string>$(BUILT_PRODUCTS_DIR)/LimPOA.app/LimPOA</string>
				<key>FRAMEWORK_SEARCH_PATHS</key>
				<array>
					<string>$(SDKROOT)/Developer/Library/Frameworks</string>
					<string>$(inherited)</string>
					<string>$(DEVELOPER_FRAMEWORKS_DIR)</string>
				</array>
				<key>GCC_PRECOMPILE_PREFIX_HEADER</key>
				<string>YES</string>
				<key>GCC_PREFIX_HEADER</key>
				<string>LimPOA/LimPOA-Prefix.pch</string>
				<key>INFOPLIST_FILE</key>
				<string>LimPOATests/LimPOATests-Info.plist</string>
				<key>PRODUCT_NAME</key>
				<string>$(TARGET_NAME)</string>
				<key>TEST_HOST</key>
				<string>$(BUNDLE_LOADER)</string>
				<key>WRAPPER_EXTENSION</key>
				<string>xctest</string>
			</dict>
			<key>isa</key>
			<string>XCBuildConfiguration</string>
			<key>name</key>
			<string>Release</string>
		</dict>
		<key>0371569B1922EB0C0030BEA2</key>
		<dict>
			<key>children</key>
			<array>
				<string>0371569E1922EB630030BEA2</string>
			</array>
			<key>isa</key>
			<string>PBXGroup</string>
			<key>name</key>
			<string>View</string>
			<key>sourceTree</key>
			<string>&lt;group&gt;</string>
		</dict>
		<key>0371569C1922EB200030BEA2</key>
		<dict>
			<key>children</key>
			<array>
				<string>03429F91192B772500999B27</string>
				<string>0310910E1923B06900EACF4D</string>
				<string>0371572F192D4E0C0030BEA2</string>
				<string>03715730192D4E210030BEA2</string>
				<string>03715731192D4E290030BEA2</string>
				<string>03715732192D4E350030BEA2</string>
				<string>03715733192D4E3F0030BEA2</string>
			</array>
			<key>isa</key>
			<string>PBXGroup</string>
			<key>name</key>
			<string>Controller</string>
			<key>sourceTree</key>
			<string>&lt;group&gt;</string>
		</dict>
		<key>0371569D1922EB280030BEA2</key>
		<dict>
			<key>children</key>
			<array>
				<string>03715720192D4DE10030BEA2</string>
				<string>03715721192D4DE10030BEA2</string>
				<string>03715722192D4DE10030BEA2</string>
				<string>03715723192D4DE10030BEA2</string>
				<string>03715724192D4DE10030BEA2</string>
				<string>03715725192D4DE10030BEA2</string>
				<string>03715726192D4DE10030BEA2</string>
				<string>03715727192D4DE10030BEA2</string>
				<string>03715728192D4DE10030BEA2</string>
				<string>03715729192D4DE10030BEA2</string>
			</array>
			<key>isa</key>
			<string>PBXGroup</string>
			<key>name</key>
			<string>Model</string>
			<key>sourceTree</key>
			<string>&lt;group&gt;</string>
		</dict>
		<key>0371569E1922EB630030BEA2</key>
		<dict>
			<key>fileEncoding</key>
			<string>4</string>
			<key>isa</key>
			<string>PBXFileReference</string>
			<key>lastKnownFileType</key>
			<string>file.storyboard</string>
			<key>name</key>
			<string>iPhone.storyboard</string>
			<key>path</key>
			<string>View/iPhone.storyboard</string>
			<key>sourceTree</key>
			<string>&lt;group&gt;</string>
		</dict>
		<key>0371569F1922EB630030BEA2</key>
		<dict>
			<key>fileRef</key>
			<string>0371569E1922EB630030BEA2</string>
			<key>isa</key>
			<string>PBXBuildFile</string>
		</dict>
		<key>037156A01922F04F0030BEA2</key>
		<dict>
			<key>isa</key>
			<string>PBXFileReference</string>
			<key>lastKnownFileType</key>
			<string>wrapper.framework</string>
			<key>name</key>
			<string>MapKit.framework</string>
			<key>path</key>
			<string>System/Library/Frameworks/MapKit.framework</string>
			<key>sourceTree</key>
			<string>SDKROOT</string>
		</dict>
		<key>037156A11922F04F0030BEA2</key>
		<dict>
			<key>fileRef</key>
			<string>037156A01922F04F0030BEA2</string>
			<key>isa</key>
			<string>PBXBuildFile</string>
		</dict>
		<key>037156A21922F1290030BEA2</key>
		<dict>
			<key>fileEncoding</key>
			<string>4</string>
			<key>isa</key>
			<string>PBXFileReference</string>
			<key>lastKnownFileType</key>
			<string>text</string>
			<key>path</key>
			<string>Container.txt</string>
			<key>sourceTree</key>
			<string>&lt;group&gt;</string>
		</dict>
		<key>037156A31922F1290030BEA2</key>
		<dict>
			<key>fileEncoding</key>
			<string>4</string>
			<key>isa</key>
			<string>PBXFileReference</string>
			<key>lastKnownFileType</key>
			<string>text</string>
			<key>path</key>
			<string>CookingOil.txt</string>
			<key>sourceTree</key>
			<string>&lt;group&gt;</string>
		</dict>
		<key>037156A51922F1290030BEA2</key>
		<dict>
			<key>fileEncoding</key>
			<string>4</string>
			<key>isa</key>
			<string>PBXFileReference</string>
			<key>lastKnownFileType</key>
			<string>text</string>
			<key>path</key>
			<string>Dump.txt</string>
			<key>sourceTree</key>
			<string>&lt;group&gt;</string>
		</dict>
		<key>037156A61922F1290030BEA2</key>
		<dict>
			<key>fileRef</key>
			<string>037156A21922F1290030BEA2</string>
			<key>isa</key>
			<string>PBXBuildFile</string>
		</dict>
		<key>037156A71922F1290030BEA2</key>
		<dict>
			<key>fileRef</key>
			<string>037156A31922F1290030BEA2</string>
			<key>isa</key>
			<string>PBXBuildFile</string>
		</dict>
		<key>037156A91922F1290030BEA2</key>
		<dict>
			<key>fileRef</key>
			<string>037156A51922F1290030BEA2</string>
			<key>isa</key>
			<string>PBXBuildFile</string>
		</dict>
		<key>037156AA1922F2420030BEA2</key>
		<dict>
			<key>fileEncoding</key>
			<string>4</string>
			<key>isa</key>
			<string>PBXFileReference</string>
			<key>lastKnownFileType</key>
			<string>sourcecode.c.h</string>
			<key>name</key>
			<string>LPODumpsTableViewController.h</string>
			<key>path</key>
			<string>Controller/LPODumpsTableViewController.h</string>
			<key>sourceTree</key>
			<string>&lt;group&gt;</string>
		</dict>
		<key>037156AB1922F2420030BEA2</key>
		<dict>
			<key>fileEncoding</key>
			<string>4</string>
			<key>isa</key>
			<string>PBXFileReference</string>
			<key>lastKnownFileType</key>
			<string>sourcecode.c.objc</string>
			<key>name</key>
			<string>LPODumpsTableViewController.m</string>
			<key>path</key>
			<string>Controller/LPODumpsTableViewController.m</string>
			<key>sourceTree</key>
			<string>&lt;group&gt;</string>
		</dict>
		<key>037156AC1922F2420030BEA2</key>
		<dict>
			<key>fileRef</key>
			<string>037156AB1922F2420030BEA2</string>
			<key>isa</key>
			<string>PBXBuildFile</string>
		</dict>
		<key>037156AD1922F7E10030BEA2</key>
		<dict>
			<key>fileEncoding</key>
			<string>4</string>
			<key>isa</key>
			<string>PBXFileReference</string>
			<key>lastKnownFileType</key>
			<string>sourcecode.c.h</string>
			<key>path</key>
			<string>UIColor+ColorWithHex.h</string>
			<key>sourceTree</key>
			<string>&lt;group&gt;</string>
		</dict>
		<key>037156AE1922F7E10030BEA2</key>
		<dict>
			<key>fileEncoding</key>
			<string>4</string>
			<key>isa</key>
			<string>PBXFileReference</string>
			<key>lastKnownFileType</key>
			<string>sourcecode.c.objc</string>
			<key>path</key>
			<string>UIColor+ColorWithHex.m</string>
			<key>sourceTree</key>
			<string>&lt;group&gt;</string>
		</dict>
		<key>037156AF1922F7E10030BEA2</key>
		<dict>
			<key>fileRef</key>
			<string>037156AE1922F7E10030BEA2</string>
			<key>isa</key>
			<string>PBXBuildFile</string>
		</dict>
		<key>037156B01922F7E70030BEA2</key>
		<dict>
			<key>children</key>
			<array>
				<string>037156AD1922F7E10030BEA2</string>
				<string>037156AE1922F7E10030BEA2</string>
			</array>
			<key>isa</key>
			<string>PBXGroup</string>
			<key>name</key>
			<string>Categories</string>
			<key>sourceTree</key>
			<string>&lt;group&gt;</string>
		</dict>
		<key>037156B11922FB120030BEA2</key>
		<dict>
			<key>fileEncoding</key>
			<string>4</string>
			<key>isa</key>
			<string>PBXFileReference</string>
			<key>lastKnownFileType</key>
			<string>sourcecode.c.h</string>
			<key>name</key>
			<string>LPOCustomTabViewController.h</string>
			<key>path</key>
			<string>Controller/LPOCustomTabViewController.h</string>
			<key>sourceTree</key>
			<string>&lt;group&gt;</string>
		</dict>
		<key>037156B21922FB120030BEA2</key>
		<dict>
			<key>fileEncoding</key>
			<string>4</string>
			<key>isa</key>
			<string>PBXFileReference</string>
			<key>lastKnownFileType</key>
			<string>sourcecode.c.objc</string>
			<key>name</key>
			<string>LPOCustomTabViewController.m</string>
			<key>path</key>
			<string>Controller/LPOCustomTabViewController.m</string>
			<key>sourceTree</key>
			<string>&lt;group&gt;</string>
		</dict>
		<key>037156B31922FB120030BEA2</key>
		<dict>
			<key>fileRef</key>
			<string>037156B21922FB120030BEA2</string>
			<key>isa</key>
			<string>PBXBuildFile</string>
		</dict>
		<key>037156CF192440FE0030BEA2</key>
		<dict>
			<key>fileEncoding</key>
			<string>4</string>
			<key>isa</key>
			<string>PBXFileReference</string>
			<key>lastKnownFileType</key>
			<string>sourcecode.c.h</string>
			<key>name</key>
			<string>LPOContainersTableViewController.h</string>
			<key>path</key>
			<string>Controller/LPOContainersTableViewController.h</string>
			<key>sourceTree</key>
			<string>&lt;group&gt;</string>
		</dict>
		<key>037156D0192440FE0030BEA2</key>
		<dict>
			<key>fileEncoding</key>
			<string>4</string>
			<key>isa</key>
			<string>PBXFileReference</string>
			<key>lastKnownFileType</key>
			<string>sourcecode.c.objc</string>
			<key>name</key>
			<string>LPOContainersTableViewController.m</string>
			<key>path</key>
			<string>Controller/LPOContainersTableViewController.m</string>
			<key>sourceTree</key>
			<string>&lt;group&gt;</string>
		</dict>
		<key>037156D1192440FE0030BEA2</key>
		<dict>
			<key>fileRef</key>
			<string>037156D0192440FE0030BEA2</string>
			<key>isa</key>
			<string>PBXBuildFile</string>
		</dict>
		<key>037156D21925429C0030BEA2</key>
		<dict>
			<key>fileEncoding</key>
			<string>4</string>
			<key>isa</key>
			<string>PBXFileReference</string>
			<key>lastKnownFileType</key>
			<string>sourcecode.c.h</string>
			<key>name</key>
			<string>LPOEcoPointsTableViewController.h</string>
			<key>path</key>
			<string>Controller/LPOEcoPointsTableViewController.h</string>
			<key>sourceTree</key>
			<string>&lt;group&gt;</string>
		</dict>
		<key>037156D31925429C0030BEA2</key>
		<dict>
			<key>fileEncoding</key>
			<string>4</string>
			<key>isa</key>
			<string>PBXFileReference</string>
			<key>lastKnownFileType</key>
			<string>sourcecode.c.objc</string>
			<key>name</key>
			<string>LPOEcoPointsTableViewController.m</string>
			<key>path</key>
			<string>Controller/LPOEcoPointsTableViewController.m</string>
			<key>sourceTree</key>
			<string>&lt;group&gt;</string>
		</dict>
		<key>037156D41925429C0030BEA2</key>
		<dict>
			<key>fileRef</key>
			<string>037156D31925429C0030BEA2</string>
			<key>isa</key>
			<string>PBXBuildFile</string>
		</dict>
		<key>037156F0192BE6310030BEA2</key>
		<dict>
			<key>fileEncoding</key>
			<string>4</string>
			<key>isa</key>
			<string>PBXFileReference</string>
			<key>lastKnownFileType</key>
			<string>sourcecode.c.h</string>
			<key>name</key>
			<string>LPODumpManager.h</string>
			<key>path</key>
			<string>Controller/LPODumpManager.h</string>
			<key>sourceTree</key>
			<string>&lt;group&gt;</string>
		</dict>
		<key>037156F1192BE6310030BEA2</key>
		<dict>
			<key>fileEncoding</key>
			<string>4</string>
			<key>isa</key>
			<string>PBXFileReference</string>
			<key>lastKnownFileType</key>
			<string>sourcecode.c.objc</string>
			<key>name</key>
			<string>LPODumpManager.m</string>
			<key>path</key>
			<string>Controller/LPODumpManager.m</string>
			<key>sourceTree</key>
			<string>&lt;group&gt;</string>
		</dict>
		<key>037156F2192BE6310030BEA2</key>
		<dict>
			<key>fileRef</key>
			<string>037156F1192BE6310030BEA2</string>
			<key>isa</key>
			<string>PBXBuildFile</string>
		</dict>
		<key>037156F3192D2A0E0030BEA2</key>
		<dict>
			<key>fileEncoding</key>
			<string>4</string>
			<key>isa</key>
			<string>PBXFileReference</string>
			<key>lastKnownFileType</key>
			<string>sourcecode.c.h</string>
			<key>name</key>
			<string>LPOCookingOilManager.h</string>
			<key>path</key>
			<string>Controller/LPOCookingOilManager.h</string>
			<key>sourceTree</key>
			<string>&lt;group&gt;</string>
		</dict>
		<key>037156F4192D2A0E0030BEA2</key>
		<dict>
			<key>fileEncoding</key>
			<string>4</string>
			<key>isa</key>
			<string>PBXFileReference</string>
			<key>lastKnownFileType</key>
			<string>sourcecode.c.objc</string>
			<key>name</key>
			<string>LPOCookingOilManager.m</string>
			<key>path</key>
			<string>Controller/LPOCookingOilManager.m</string>
			<key>sourceTree</key>
			<string>&lt;group&gt;</string>
		</dict>
		<key>037156F5192D2A0E0030BEA2</key>
		<dict>
			<key>fileRef</key>
			<string>037156F4192D2A0E0030BEA2</string>
			<key>isa</key>
			<string>PBXBuildFile</string>
		</dict>
		<key>037156F6192D2E280030BEA2</key>
		<dict>
			<key>fileEncoding</key>
			<string>4</string>
			<key>isa</key>
			<string>PBXFileReference</string>
			<key>lastKnownFileType</key>
			<string>sourcecode.c.h</string>
			<key>name</key>
			<string>LPOEcoPointManager.h</string>
			<key>path</key>
			<string>Controller/LPOEcoPointManager.h</string>
			<key>sourceTree</key>
			<string>&lt;group&gt;</string>
		</dict>
		<key>037156F7192D2E280030BEA2</key>
		<dict>
			<key>fileEncoding</key>
			<string>4</string>
			<key>isa</key>
			<string>PBXFileReference</string>
			<key>lastKnownFileType</key>
			<string>sourcecode.c.objc</string>
			<key>name</key>
			<string>LPOEcoPointManager.m</string>
			<key>path</key>
			<string>Controller/LPOEcoPointManager.m</string>
			<key>sourceTree</key>
			<string>&lt;group&gt;</string>
		</dict>
		<key>037156F8192D2E280030BEA2</key>
		<dict>
			<key>fileRef</key>
			<string>037156F7192D2E280030BEA2</string>
			<key>isa</key>
			<string>PBXBuildFile</string>
		</dict>
		<key>037156F9192D32850030BEA2</key>
		<dict>
			<key>fileEncoding</key>
			<string>4</string>
			<key>isa</key>
			<string>PBXFileReference</string>
			<key>lastKnownFileType</key>
			<string>sourcecode.c.h</string>
			<key>name</key>
			<string>LPOGeneralDataManager.h</string>
			<key>path</key>
			<string>Controller/LPOGeneralDataManager.h</string>
			<key>sourceTree</key>
			<string>&lt;group&gt;</string>
		</dict>
		<key>037156FA192D32850030BEA2</key>
		<dict>
			<key>fileEncoding</key>
			<string>4</string>
			<key>isa</key>
			<string>PBXFileReference</string>
			<key>lastKnownFileType</key>
			<string>sourcecode.c.objc</string>
			<key>name</key>
			<string>LPOGeneralDataManager.m</string>
			<key>path</key>
			<string>Controller/LPOGeneralDataManager.m</string>
			<key>sourceTree</key>
			<string>&lt;group&gt;</string>
		</dict>
		<key>037156FB192D32850030BEA2</key>
		<dict>
			<key>fileRef</key>
			<string>037156FA192D32850030BEA2</string>
			<key>isa</key>
			<string>PBXBuildFile</string>
		</dict>
		<key>037156FC192D3AAF0030BEA2</key>
		<dict>
			<key>fileEncoding</key>
			<string>4</string>
			<key>isa</key>
			<string>PBXFileReference</string>
			<key>lastKnownFileType</key>
			<string>sourcecode.c.h</string>
			<key>name</key>
			<string>LPOGeneralTableViewController.h</string>
			<key>path</key>
			<string>Controller/LPOGeneralTableViewController.h</string>
			<key>sourceTree</key>
			<string>&lt;group&gt;</string>
		</dict>
		<key>037156FD192D3AAF0030BEA2</key>
		<dict>
			<key>fileEncoding</key>
			<string>4</string>
			<key>isa</key>
			<string>PBXFileReference</string>
			<key>lastKnownFileType</key>
			<string>sourcecode.c.objc</string>
			<key>name</key>
			<string>LPOGeneralTableViewController.m</string>
			<key>path</key>
			<string>Controller/LPOGeneralTableViewController.m</string>
			<key>sourceTree</key>
			<string>&lt;group&gt;</string>
		</dict>
		<key>037156FE192D3AAF0030BEA2</key>
		<dict>
			<key>fileRef</key>
			<string>037156FD192D3AAF0030BEA2</string>
			<key>isa</key>
			<string>PBXBuildFile</string>
		</dict>
		<key>0371571D192D4DD70030BEA2</key>
		<dict>
			<key>fileEncoding</key>
			<string>4</string>
			<key>isa</key>
			<string>PBXFileReference</string>
			<key>lastKnownFileType</key>
			<string>sourcecode.c.h</string>
			<key>name</key>
			<string>LPOStartViewController.h</string>
			<key>path</key>
			<string>Controller/LPOStartViewController.h</string>
			<key>sourceTree</key>
			<string>&lt;group&gt;</string>
		</dict>
		<key>0371571E192D4DD70030BEA2</key>
		<dict>
			<key>fileEncoding</key>
			<string>4</string>
			<key>isa</key>
			<string>PBXFileReference</string>
			<key>lastKnownFileType</key>
			<string>sourcecode.c.objc</string>
			<key>name</key>
			<string>LPOStartViewController.m</string>
			<key>path</key>
			<string>Controller/LPOStartViewController.m</string>
			<key>sourceTree</key>
			<string>&lt;group&gt;</string>
		</dict>
		<key>0371571F192D4DD70030BEA2</key>
		<dict>
			<key>fileRef</key>
			<string>0371571E192D4DD70030BEA2</string>
			<key>isa</key>
			<string>PBXBuildFile</string>
		</dict>
		<key>03715720192D4DE10030BEA2</key>
		<dict>
			<key>fileEncoding</key>
			<string>4</string>
			<key>isa</key>
			<string>PBXFileReference</string>
			<key>lastKnownFileType</key>
			<string>sourcecode.c.h</string>
			<key>name</key>
			<string>BaseEntity.h</string>
			<key>path</key>
			<string>Model/BaseEntity.h</string>
			<key>sourceTree</key>
			<string>&lt;group&gt;</string>
		</dict>
		<key>03715721192D4DE10030BEA2</key>
		<dict>
			<key>fileEncoding</key>
			<string>4</string>
			<key>isa</key>
			<string>PBXFileReference</string>
			<key>lastKnownFileType</key>
			<string>sourcecode.c.objc</string>
			<key>name</key>
			<string>BaseEntity.m</string>
			<key>path</key>
			<string>Model/BaseEntity.m</string>
			<key>sourceTree</key>
			<string>&lt;group&gt;</string>
		</dict>
		<key>03715722192D4DE10030BEA2</key>
		<dict>
			<key>fileEncoding</key>
			<string>4</string>
			<key>isa</key>
			<string>PBXFileReference</string>
			<key>lastKnownFileType</key>
			<string>sourcecode.c.h</string>
			<key>name</key>
			<string>Container.h</string>
			<key>path</key>
			<string>Model/Container.h</string>
			<key>sourceTree</key>
			<string>&lt;group&gt;</string>
		</dict>
		<key>03715723192D4DE10030BEA2</key>
		<dict>
			<key>fileEncoding</key>
			<string>4</string>
			<key>isa</key>
			<string>PBXFileReference</string>
			<key>lastKnownFileType</key>
			<string>sourcecode.c.objc</string>
			<key>name</key>
			<string>Container.m</string>
			<key>path</key>
			<string>Model/Container.m</string>
			<key>sourceTree</key>
			<string>&lt;group&gt;</string>
		</dict>
		<key>03715724192D4DE10030BEA2</key>
		<dict>
			<key>fileEncoding</key>
			<string>4</string>
			<key>isa</key>
			<string>PBXFileReference</string>
			<key>lastKnownFileType</key>
			<string>sourcecode.c.h</string>
			<key>name</key>
			<string>CookingOil.h</string>
			<key>path</key>
			<string>Model/CookingOil.h</string>
			<key>sourceTree</key>
			<string>&lt;group&gt;</string>
		</dict>
		<key>03715725192D4DE10030BEA2</key>
		<dict>
			<key>fileEncoding</key>
			<string>4</string>
			<key>isa</key>
			<string>PBXFileReference</string>
			<key>lastKnownFileType</key>
			<string>sourcecode.c.objc</string>
			<key>name</key>
			<string>CookingOil.m</string>
			<key>path</key>
			<string>Model/CookingOil.m</string>
			<key>sourceTree</key>
			<string>&lt;group&gt;</string>
		</dict>
		<key>03715726192D4DE10030BEA2</key>
		<dict>
			<key>fileEncoding</key>
			<string>4</string>
			<key>isa</key>
			<string>PBXFileReference</string>
			<key>lastKnownFileType</key>
			<string>sourcecode.c.h</string>
			<key>name</key>
			<string>Dump.h</string>
			<key>path</key>
			<string>Model/Dump.h</string>
			<key>sourceTree</key>
			<string>&lt;group&gt;</string>
		</dict>
		<key>03715727192D4DE10030BEA2</key>
		<dict>
			<key>fileEncoding</key>
			<string>4</string>
			<key>isa</key>
			<string>PBXFileReference</string>
			<key>lastKnownFileType</key>
			<string>sourcecode.c.objc</string>
			<key>name</key>
			<string>Dump.m</string>
			<key>path</key>
			<string>Model/Dump.m</string>
			<key>sourceTree</key>
			<string>&lt;group&gt;</string>
		</dict>
		<key>03715728192D4DE10030BEA2</key>
		<dict>
			<key>fileEncoding</key>
			<string>4</string>
			<key>isa</key>
			<string>PBXFileReference</string>
			<key>lastKnownFileType</key>
			<string>sourcecode.c.h</string>
			<key>name</key>
			<string>EcoPoint.h</string>
			<key>path</key>
			<string>Model/EcoPoint.h</string>
			<key>sourceTree</key>
			<string>&lt;group&gt;</string>
		</dict>
		<key>03715729192D4DE10030BEA2</key>
		<dict>
			<key>fileEncoding</key>
			<string>4</string>
			<key>isa</key>
			<string>PBXFileReference</string>
			<key>lastKnownFileType</key>
			<string>sourcecode.c.objc</string>
			<key>name</key>
			<string>EcoPoint.m</string>
			<key>path</key>
			<string>Model/EcoPoint.m</string>
			<key>sourceTree</key>
			<string>&lt;group&gt;</string>
		</dict>
		<key>0371572A192D4DE10030BEA2</key>
		<dict>
			<key>fileRef</key>
			<string>03715721192D4DE10030BEA2</string>
			<key>isa</key>
			<string>PBXBuildFile</string>
		</dict>
		<key>0371572B192D4DE10030BEA2</key>
		<dict>
			<key>fileRef</key>
			<string>03715723192D4DE10030BEA2</string>
			<key>isa</key>
			<string>PBXBuildFile</string>
		</dict>
		<key>0371572C192D4DE10030BEA2</key>
		<dict>
			<key>fileRef</key>
			<string>03715725192D4DE10030BEA2</string>
			<key>isa</key>
			<string>PBXBuildFile</string>
		</dict>
		<key>0371572D192D4DE10030BEA2</key>
		<dict>
			<key>fileRef</key>
			<string>03715727192D4DE10030BEA2</string>
			<key>isa</key>
			<string>PBXBuildFile</string>
		</dict>
		<key>0371572E192D4DE10030BEA2</key>
		<dict>
			<key>fileRef</key>
			<string>03715729192D4DE10030BEA2</string>
			<key>isa</key>
			<string>PBXBuildFile</string>
		</dict>
		<key>0371572F192D4E0C0030BEA2</key>
		<dict>
			<key>children</key>
			<array>
				<string>037156AA1922F2420030BEA2</string>
				<string>037156AB1922F2420030BEA2</string>
			</array>
			<key>isa</key>
			<string>PBXGroup</string>
			<key>name</key>
			<string>Dump</string>
			<key>sourceTree</key>
			<string>&lt;group&gt;</string>
		</dict>
		<key>03715730192D4E210030BEA2</key>
		<dict>
			<key>children</key>
			<array>
				<string>037156CF192440FE0030BEA2</string>
				<string>037156D0192440FE0030BEA2</string>
			</array>
			<key>isa</key>
			<string>PBXGroup</string>
			<key>name</key>
			<string>Container</string>
			<key>sourceTree</key>
			<string>&lt;group&gt;</string>
		</dict>
		<key>03715731192D4E290030BEA2</key>
		<dict>
			<key>children</key>
			<array>
				<string>03429F8E192503F300999B27</string>
				<string>03429F8F192503F300999B27</string>
			</array>
			<key>isa</key>
			<string>PBXGroup</string>
			<key>name</key>
			<string>CookingOil</string>
			<key>sourceTree</key>
			<string>&lt;group&gt;</string>
		</dict>
		<key>03715732192D4E350030BEA2</key>
		<dict>
			<key>children</key>
			<array>
				<string>037156D21925429C0030BEA2</string>
				<string>037156D31925429C0030BEA2</string>
			</array>
			<key>isa</key>
			<string>PBXGroup</string>
			<key>name</key>
			<string>EcoPoint</string>
			<key>sourceTree</key>
			<string>&lt;group&gt;</string>
		</dict>
		<key>03715733192D4E3F0030BEA2</key>
		<dict>
			<key>children</key>
			<array>
				<string>037156FC192D3AAF0030BEA2</string>
				<string>037156FD192D3AAF0030BEA2</string>
			</array>
			<key>isa</key>
			<string>PBXGroup</string>
			<key>name</key>
			<string>General</string>
			<key>sourceTree</key>
			<string>&lt;group&gt;</string>
		</dict>
		<key>03715734192EC24E0030BEA2</key>
		<dict>
			<key>isa</key>
			<string>PBXFileReference</string>
			<key>lastKnownFileType</key>
			<string>text</string>
			<key>name</key>
			<string>Podfile</string>
			<key>path</key>
			<string>../Podfile</string>
			<key>sourceTree</key>
			<string>&lt;group&gt;</string>
		</dict>
		<key>1A96F51C8B94440DA203FB00</key>
		<dict>
			<key>explicitFileType</key>
			<string>archive.ar</string>
			<key>includeInIndex</key>
			<string>0</string>
			<key>isa</key>
			<string>PBXFileReference</string>
			<key>path</key>
			<string>libPods.a</string>
			<key>sourceTree</key>
			<string>BUILT_PRODUCTS_DIR</string>
		</dict>
		<key>27BD1F8BCB7F4DF2B1FD638B</key>
		<dict>
			<key>includeInIndex</key>
			<string>1</string>
			<key>isa</key>
			<string>PBXFileReference</string>
			<key>lastKnownFileType</key>
			<string>text.xcconfig</string>
			<key>name</key>
			<string>Pods.xcconfig</string>
			<key>path</key>
			<string>Pods/Pods.xcconfig</string>
			<key>sourceTree</key>
			<string>&lt;group&gt;</string>
		</dict>
		<key>30069D5B80FB4BC0B8A2B4B2</key>
		<dict>
			<key>buildActionMask</key>
			<string>2147483647</string>
			<key>files</key>
			<array/>
			<key>inputPaths</key>
			<array/>
			<key>isa</key>
			<string>PBXShellScriptBuildPhase</string>
			<key>name</key>
			<string>Copy Pods Resources</string>
			<key>outputPaths</key>
			<array/>
			<key>runOnlyForDeploymentPostprocessing</key>
			<string>0</string>
			<key>shellPath</key>
			<string>/bin/sh</string>
			<key>shellScript</key>
			<string>"${SRCROOT}/Pods/Pods-resources.sh"
</string>
			<key>showEnvVarsInLog</key>
			<string>0</string>
		</dict>
		<key>38FE426DD5B5489487159547</key>
		<dict>
			<key>buildActionMask</key>
			<string>2147483647</string>
			<key>files</key>
			<array/>
			<key>inputPaths</key>
			<array/>
			<key>isa</key>
			<string>PBXShellScriptBuildPhase</string>
			<key>name</key>
			<string>Check Pods Manifest.lock</string>
			<key>outputPaths</key>
			<array/>
			<key>runOnlyForDeploymentPostprocessing</key>
			<string>0</string>
			<key>shellPath</key>
			<string>/bin/sh</string>
			<key>shellScript</key>
			<string>diff "${PODS_ROOT}/../Podfile.lock" "${PODS_ROOT}/Manifest.lock" &gt; /dev/null
if [[ $? != 0 ]] ; then
    cat &lt;&lt; EOM
error: The sandbox is not in sync with the Podfile.lock. Run 'pod install' or update your CocoaPods installation.
EOM
    exit 1
fi
</string>
			<key>showEnvVarsInLog</key>
			<string>0</string>
		</dict>
		<key>D1AF71C04412485B8D8FD93F</key>
		<dict>
			<key>fileRef</key>
			<string>1A96F51C8B94440DA203FB00</string>
			<key>isa</key>
			<string>PBXBuildFile</string>
		</dict>
	</dict>
	<key>rootObject</key>
	<string>0371565B1922E9F50030BEA2</string>
</dict>
</plist>
